
Microsoft Visual Studio Solution File, Format Version 12.00
# Visual Studio Version 16
VisualStudioVersion = 16.0.31410.357
MinimumVisualStudioVersion = 10.0.40219.1
Project("{FAE04EC0-301F-11D3-BF4B-00C04F79EFBC}") = "DinamikCVSayti", "DinamikCVSayti\DinamikCVSayti.csproj", "{4762465E-09D7-4A34-AFFF-6E60EE621C1E}"
EndProject
Global
	GlobalSection(SolutionConfigurationPlatforms) = preSolution
		Debug|Any CPU = Debug|Any CPU
		Release|Any CPU = Release|Any CPU
	EndGlobalSection
	GlobalSection(ProjectConfigurationPlatforms) = postSolution
		{4762465E-09D7-4A34-AFFF-6E60EE621C1E}.Debug|Any CPU.ActiveCfg = Debug|Any CPU
		{4762465E-09D7-4A34-AFFF-6E60EE621C1E}.Debug|Any CPU.Build.0 = Debug|Any CPU
		{4762465E-09D7-4A34-AFFF-6E60EE621C1E}.Release|Any CPU.ActiveCfg = Release|Any CPU
		{4762465E-09D7-4A34-AFFF-6E60EE621C1E}.Release|Any CPU.Build.0 = Release|Any CPU
	EndGlobalSection
	GlobalSection(SolutionProperties) = preSolution
		HideSolutionNode = FALSE
	EndGlobalSection
	GlobalSection(ExtensibilityGlobals) = postSolution
		SolutionGuid = {AAD94E79-E2BA-4D2F-85D0-DB8C2E865078}
	EndGlobalSection
EndGlobal
